// !$*UTF8*$!
{
	archiveVersion = 1;
	classes = {
	};
	objectVersion = 56;
	objects = {

/* Begin PBXBuildFile section */
		D201C2242C3A29E000EE9C00 /* image_viewmodel.swift in Sources */ = {isa = PBXBuildFile; fileRef = D201C2232C3A29E000EE9C00 /* image_viewmodel.swift */; };
		D201C2262C3A2A3E00EE9C00 /* ImagePickerView.swift in Sources */ = {isa = PBXBuildFile; fileRef = D201C2252C3A2A3E00EE9C00 /* ImagePickerView.swift */; };
		D201C2282C3A2E3A00EE9C00 /* fooddetail_view.swift in Sources */ = {isa = PBXBuildFile; fileRef = D201C2272C3A2E3A00EE9C00 /* fooddetail_view.swift */; };
		D201C22A2C3A3C6200EE9C00 /* photo.swift in Sources */ = {isa = PBXBuildFile; fileRef = D201C2292C3A3C6200EE9C00 /* photo.swift */; };
		D21578182C38DE5E00C52670 /* customalertview.swift in Sources */ = {isa = PBXBuildFile; fileRef = D21578172C38DE5E00C52670 /* customalertview.swift */; };
		D215781C2C38EA6800C52670 /* SideMenu.swift in Sources */ = {isa = PBXBuildFile; fileRef = D215781B2C38EA6800C52670 /* SideMenu.swift */; };
		D215781E2C38EACC00C52670 /* main_view.swift in Sources */ = {isa = PBXBuildFile; fileRef = D215781D2C38EACC00C52670 /* main_view.swift */; };
		D21578202C390D6B00C52670 /* user.swift in Sources */ = {isa = PBXBuildFile; fileRef = D215781F2C390D6B00C52670 /* user.swift */; };
		D21578222C390DCA00C52670 /* user_viewmodel.swift in Sources */ = {isa = PBXBuildFile; fileRef = D21578212C390DCA00C52670 /* user_viewmodel.swift */; };
		D21578242C39563D00C52670 /* UserDetailView.swift in Sources */ = {isa = PBXBuildFile; fileRef = D21578232C39563D00C52670 /* UserDetailView.swift */; };
		D21578262C39A89200C52670 /* food.swift in Sources */ = {isa = PBXBuildFile; fileRef = D21578252C39A89200C52670 /* food.swift */; };
		D21578282C39A95300C52670 /* food_viewmodel.swift in Sources */ = {isa = PBXBuildFile; fileRef = D21578272C39A95300C52670 /* food_viewmodel.swift */; };
		D250F4262C36521C00BC34F7 /* Localizable.strings in Resources */ = {isa = PBXBuildFile; fileRef = D250F4242C36521C00BC34F7 /* Localizable.strings */; };
		D250F4322C368B3A00BC34F7 /* login_view.swift in Sources */ = {isa = PBXBuildFile; fileRef = D250F4312C368B3A00BC34F7 /* login_view.swift */; };
		D250F4342C368B5000BC34F7 /* register_view.swift in Sources */ = {isa = PBXBuildFile; fileRef = D250F4332C368B5000BC34F7 /* register_view.swift */; };
		D250F4362C368B6200BC34F7 /* account_management_view.swift in Sources */ = {isa = PBXBuildFile; fileRef = D250F4352C368B6200BC34F7 /* account_management_view.swift */; };
		D250F4382C368B8400BC34F7 /* food_management_view.swift in Sources */ = {isa = PBXBuildFile; fileRef = D250F4372C368B8400BC34F7 /* food_management_view.swift */; };
		D250F43A2C368B9C00BC34F7 /* exersice_management_view.swift in Sources */ = {isa = PBXBuildFile; fileRef = D250F4392C368B9C00BC34F7 /* exersice_management_view.swift */; };
		D250F43C2C368BB600BC34F7 /* content_management_view.swift in Sources */ = {isa = PBXBuildFile; fileRef = D250F43B2C368BB600BC34F7 /* content_management_view.swift */; };
		D250F43F2C3694A300BC34F7 /* home_view.swift in Sources */ = {isa = PBXBuildFile; fileRef = D250F43E2C3694A300BC34F7 /* home_view.swift */; };
		D27FB5D62C41827E0059E72A /* customtextfield.swift in Sources */ = {isa = PBXBuildFile; fileRef = D27FB5D52C41827E0059E72A /* customtextfield.swift */; };
		D27FB5D82C41910B0059E72A /* custombutton.swift in Sources */ = {isa = PBXBuildFile; fileRef = D27FB5D72C41910B0059E72A /* custombutton.swift */; };
		D29EEF1A2C40157E00B26312 /* ws.swift in Sources */ = {isa = PBXBuildFile; fileRef = D29EEF192C40157E00B26312 /* ws.swift */; };
		D29EEF1D2C4015AC00B26312 /* Starscream in Frameworks */ = {isa = PBXBuildFile; productRef = D29EEF1C2C4015AC00B26312 /* Starscream */; };
		D29EEF212C40164D00B26312 /* wss.swift in Sources */ = {isa = PBXBuildFile; fileRef = D29EEF202C40164D00B26312 /* wss.swift */; };
		D2B32AAD2C3840F9009E0C56 /* login.swift in Sources */ = {isa = PBXBuildFile; fileRef = D2B32AAC2C3840F9009E0C56 /* login.swift */; };
		D2B32AAF2C38410E009E0C56 /* login_viewmodel.swift in Sources */ = {isa = PBXBuildFile; fileRef = D2B32AAE2C38410E009E0C56 /* login_viewmodel.swift */; };
		D2B32AB12C38414B009E0C56 /* enum.swift in Sources */ = {isa = PBXBuildFile; fileRef = D2B32AB02C38414B009E0C56 /* enum.swift */; };
		D2E120552C3F65BF0009B128 /* post.swift in Sources */ = {isa = PBXBuildFile; fileRef = D2E120542C3F65BF0009B128 /* post.swift */; };
		D2E120572C3F65CE0009B128 /* post_viewmodel.swift in Sources */ = {isa = PBXBuildFile; fileRef = D2E120562C3F65CE0009B128 /* post_viewmodel.swift */; };
		D2E120592C3F6AE50009B128 /* contentdetail_view.swift in Sources */ = {isa = PBXBuildFile; fileRef = D2E120582C3F6AE50009B128 /* contentdetail_view.swift */; };
		D2EA70BB2C359AAD005CC9D1 /* AppDesktopSocialHealthApp.swift in Sources */ = {isa = PBXBuildFile; fileRef = D2EA70BA2C359AAD005CC9D1 /* AppDesktopSocialHealthApp.swift */; };
		D2EA70BD2C359AAD005CC9D1 /* ContentView.swift in Sources */ = {isa = PBXBuildFile; fileRef = D2EA70BC2C359AAD005CC9D1 /* ContentView.swift */; };
		D2EA70BF2C359AB2005CC9D1 /* Assets.xcassets in Resources */ = {isa = PBXBuildFile; fileRef = D2EA70BE2C359AB2005CC9D1 /* Assets.xcassets */; };
		D2EA70C22C359AB2005CC9D1 /* Preview Assets.xcassets in Resources */ = {isa = PBXBuildFile; fileRef = D2EA70C12C359AB2005CC9D1 /* Preview Assets.xcassets */; };
		D2EA70CD2C359AB3005CC9D1 /* AppDesktopSocialHealthTests.swift in Sources */ = {isa = PBXBuildFile; fileRef = D2EA70CC2C359AB3005CC9D1 /* AppDesktopSocialHealthTests.swift */; };
		D2EA70D72C359AB3005CC9D1 /* AppDesktopSocialHealthUITests.swift in Sources */ = {isa = PBXBuildFile; fileRef = D2EA70D62C359AB3005CC9D1 /* AppDesktopSocialHealthUITests.swift */; };
		D2EA70D92C359AB3005CC9D1 /* AppDesktopSocialHealthUITestsLaunchTests.swift in Sources */ = {isa = PBXBuildFile; fileRef = D2EA70D82C359AB3005CC9D1 /* AppDesktopSocialHealthUITestsLaunchTests.swift */; };
		D2F134272C3E0E15000DB806 /* exersice.swift in Sources */ = {isa = PBXBuildFile; fileRef = D2F134262C3E0E15000DB806 /* exersice.swift */; };
		D2F134292C3E12B2000DB806 /* exersice_viewmodel.swift in Sources */ = {isa = PBXBuildFile; fileRef = D2F134282C3E12B2000DB806 /* exersice_viewmodel.swift */; };
		D2F1342B2C3E695B000DB806 /* exersice_detail_view.swift in Sources */ = {isa = PBXBuildFile; fileRef = D2F1342A2C3E695B000DB806 /* exersice_detail_view.swift */; };
/* End PBXBuildFile section */

/* Begin PBXContainerItemProxy section */
		D2EA70C92C359AB3005CC9D1 /* PBXContainerItemProxy */ = {
			isa = PBXContainerItemProxy;
			containerPortal = D2EA70AF2C359AAD005CC9D1 /* Project object */;
			proxyType = 1;
			remoteGlobalIDString = D2EA70B62C359AAD005CC9D1;
			remoteInfo = AppDesktopSocialHealth;
		};
		D2EA70D32C359AB3005CC9D1 /* PBXContainerItemProxy */ = {
			isa = PBXContainerItemProxy;
			containerPortal = D2EA70AF2C359AAD005CC9D1 /* Project object */;
			proxyType = 1;
			remoteGlobalIDString = D2EA70B62C359AAD005CC9D1;
			remoteInfo = AppDesktopSocialHealth;
		};
/* End PBXContainerItemProxy section */

/* Begin PBXFileReference section */
		D201C2232C3A29E000EE9C00 /* image_viewmodel.swift */ = {isa = PBXFileReference; lastKnownFileType = sourcecode.swift; path = image_viewmodel.swift; sourceTree = "<group>"; };
		D201C2252C3A2A3E00EE9C00 /* ImagePickerView.swift */ = {isa = PBXFileReference; lastKnownFileType = sourcecode.swift; path = ImagePickerView.swift; sourceTree = "<group>"; };
		D201C2272C3A2E3A00EE9C00 /* fooddetail_view.swift */ = {isa = PBXFileReference; lastKnownFileType = sourcecode.swift; path = fooddetail_view.swift; sourceTree = "<group>"; };
		D201C2292C3A3C6200EE9C00 /* photo.swift */ = {isa = PBXFileReference; lastKnownFileType = sourcecode.swift; path = photo.swift; sourceTree = "<group>"; };
		D21578172C38DE5E00C52670 /* customalertview.swift */ = {isa = PBXFileReference; lastKnownFileType = sourcecode.swift; path = customalertview.swift; sourceTree = "<group>"; };
		D215781B2C38EA6800C52670 /* SideMenu.swift */ = {isa = PBXFileReference; lastKnownFileType = sourcecode.swift; path = SideMenu.swift; sourceTree = "<group>"; };
		D215781D2C38EACC00C52670 /* main_view.swift */ = {isa = PBXFileReference; lastKnownFileType = sourcecode.swift; path = main_view.swift; sourceTree = "<group>"; };
		D215781F2C390D6B00C52670 /* user.swift */ = {isa = PBXFileReference; lastKnownFileType = sourcecode.swift; path = user.swift; sourceTree = "<group>"; };
		D21578212C390DCA00C52670 /* user_viewmodel.swift */ = {isa = PBXFileReference; lastKnownFileType = sourcecode.swift; path = user_viewmodel.swift; sourceTree = "<group>"; };
		D21578232C39563D00C52670 /* UserDetailView.swift */ = {isa = PBXFileReference; lastKnownFileType = sourcecode.swift; path = UserDetailView.swift; sourceTree = "<group>"; };
		D21578252C39A89200C52670 /* food.swift */ = {isa = PBXFileReference; lastKnownFileType = sourcecode.swift; path = food.swift; sourceTree = "<group>"; };
		D21578272C39A95300C52670 /* food_viewmodel.swift */ = {isa = PBXFileReference; lastKnownFileType = sourcecode.swift; path = food_viewmodel.swift; sourceTree = "<group>"; };
		D250F4252C36521C00BC34F7 /* en */ = {isa = PBXFileReference; lastKnownFileType = text.plist.strings; name = en; path = en.lproj/Localizable.strings; sourceTree = "<group>"; };
		D250F4272C36522A00BC34F7 /* vi */ = {isa = PBXFileReference; lastKnownFileType = text.plist.strings; name = vi; path = vi.lproj/Localizable.strings; sourceTree = "<group>"; };
		D250F4312C368B3A00BC34F7 /* login_view.swift */ = {isa = PBXFileReference; lastKnownFileType = sourcecode.swift; path = login_view.swift; sourceTree = "<group>"; };
		D250F4332C368B5000BC34F7 /* register_view.swift */ = {isa = PBXFileReference; lastKnownFileType = sourcecode.swift; path = register_view.swift; sourceTree = "<group>"; };
		D250F4352C368B6200BC34F7 /* account_management_view.swift */ = {isa = PBXFileReference; lastKnownFileType = sourcecode.swift; path = account_management_view.swift; sourceTree = "<group>"; };
		D250F4372C368B8400BC34F7 /* food_management_view.swift */ = {isa = PBXFileReference; lastKnownFileType = sourcecode.swift; path = food_management_view.swift; sourceTree = "<group>"; };
		D250F4392C368B9C00BC34F7 /* exersice_management_view.swift */ = {isa = PBXFileReference; lastKnownFileType = sourcecode.swift; path = exersice_management_view.swift; sourceTree = "<group>"; };
		D250F43B2C368BB600BC34F7 /* content_management_view.swift */ = {isa = PBXFileReference; lastKnownFileType = sourcecode.swift; path = content_management_view.swift; sourceTree = "<group>"; };
		D250F43E2C3694A300BC34F7 /* home_view.swift */ = {isa = PBXFileReference; lastKnownFileType = sourcecode.swift; path = home_view.swift; sourceTree = "<group>"; };
		D27FB5D52C41827E0059E72A /* customtextfield.swift */ = {isa = PBXFileReference; lastKnownFileType = sourcecode.swift; path = customtextfield.swift; sourceTree = "<group>"; };
		D27FB5D72C41910B0059E72A /* custombutton.swift */ = {isa = PBXFileReference; lastKnownFileType = sourcecode.swift; path = custombutton.swift; sourceTree = "<group>"; };
		D29EEF192C40157E00B26312 /* ws.swift */ = {isa = PBXFileReference; lastKnownFileType = sourcecode.swift; path = ws.swift; sourceTree = "<group>"; };
		D29EEF202C40164D00B26312 /* wss.swift */ = {isa = PBXFileReference; lastKnownFileType = sourcecode.swift; path = wss.swift; sourceTree = "<group>"; };
		D2B32AAC2C3840F9009E0C56 /* login.swift */ = {isa = PBXFileReference; lastKnownFileType = sourcecode.swift; path = login.swift; sourceTree = "<group>"; };
		D2B32AAE2C38410E009E0C56 /* login_viewmodel.swift */ = {isa = PBXFileReference; lastKnownFileType = sourcecode.swift; path = login_viewmodel.swift; sourceTree = "<group>"; };
		D2B32AB02C38414B009E0C56 /* enum.swift */ = {isa = PBXFileReference; lastKnownFileType = sourcecode.swift; path = enum.swift; sourceTree = "<group>"; };
		D2E120542C3F65BF0009B128 /* post.swift */ = {isa = PBXFileReference; lastKnownFileType = sourcecode.swift; path = post.swift; sourceTree = "<group>"; };
		D2E120562C3F65CE0009B128 /* post_viewmodel.swift */ = {isa = PBXFileReference; lastKnownFileType = sourcecode.swift; path = post_viewmodel.swift; sourceTree = "<group>"; };
		D2E120582C3F6AE50009B128 /* contentdetail_view.swift */ = {isa = PBXFileReference; lastKnownFileType = sourcecode.swift; path = contentdetail_view.swift; sourceTree = "<group>"; };
		D2EA70B72C359AAD005CC9D1 /* AppDesktopSocialHealth.app */ = {isa = PBXFileReference; explicitFileType = wrapper.application; includeInIndex = 0; path = AppDesktopSocialHealth.app; sourceTree = BUILT_PRODUCTS_DIR; };
		D2EA70BA2C359AAD005CC9D1 /* AppDesktopSocialHealthApp.swift */ = {isa = PBXFileReference; lastKnownFileType = sourcecode.swift; path = AppDesktopSocialHealthApp.swift; sourceTree = "<group>"; };
		D2EA70BC2C359AAD005CC9D1 /* ContentView.swift */ = {isa = PBXFileReference; lastKnownFileType = sourcecode.swift; path = ContentView.swift; sourceTree = "<group>"; };
		D2EA70BE2C359AB2005CC9D1 /* Assets.xcassets */ = {isa = PBXFileReference; lastKnownFileType = folder.assetcatalog; path = Assets.xcassets; sourceTree = "<group>"; };
		D2EA70C12C359AB2005CC9D1 /* Preview Assets.xcassets */ = {isa = PBXFileReference; lastKnownFileType = folder.assetcatalog; path = "Preview Assets.xcassets"; sourceTree = "<group>"; };
		D2EA70C32C359AB2005CC9D1 /* AppDesktopSocialHealth.entitlements */ = {isa = PBXFileReference; lastKnownFileType = text.plist.entitlements; path = AppDesktopSocialHealth.entitlements; sourceTree = "<group>"; };
		D2EA70C82C359AB3005CC9D1 /* AppDesktopSocialHealthTests.xctest */ = {isa = PBXFileReference; explicitFileType = wrapper.cfbundle; includeInIndex = 0; path = AppDesktopSocialHealthTests.xctest; sourceTree = BUILT_PRODUCTS_DIR; };
		D2EA70CC2C359AB3005CC9D1 /* AppDesktopSocialHealthTests.swift */ = {isa = PBXFileReference; lastKnownFileType = sourcecode.swift; path = AppDesktopSocialHealthTests.swift; sourceTree = "<group>"; };
		D2EA70D22C359AB3005CC9D1 /* AppDesktopSocialHealthUITests.xctest */ = {isa = PBXFileReference; explicitFileType = wrapper.cfbundle; includeInIndex = 0; path = AppDesktopSocialHealthUITests.xctest; sourceTree = BUILT_PRODUCTS_DIR; };
		D2EA70D62C359AB3005CC9D1 /* AppDesktopSocialHealthUITests.swift */ = {isa = PBXFileReference; lastKnownFileType = sourcecode.swift; path = AppDesktopSocialHealthUITests.swift; sourceTree = "<group>"; };
		D2EA70D82C359AB3005CC9D1 /* AppDesktopSocialHealthUITestsLaunchTests.swift */ = {isa = PBXFileReference; lastKnownFileType = sourcecode.swift; path = AppDesktopSocialHealthUITestsLaunchTests.swift; sourceTree = "<group>"; };
		D2F134262C3E0E15000DB806 /* exersice.swift */ = {isa = PBXFileReference; lastKnownFileType = sourcecode.swift; path = exersice.swift; sourceTree = "<group>"; };
		D2F134282C3E12B2000DB806 /* exersice_viewmodel.swift */ = {isa = PBXFileReference; lastKnownFileType = sourcecode.swift; path = exersice_viewmodel.swift; sourceTree = "<group>"; };
		D2F1342A2C3E695B000DB806 /* exersice_detail_view.swift */ = {isa = PBXFileReference; lastKnownFileType = sourcecode.swift; path = exersice_detail_view.swift; sourceTree = "<group>"; };
/* End PBXFileReference section */

/* Begin PBXFrameworksBuildPhase section */
		D2EA70B42C359AAD005CC9D1 /* Frameworks */ = {
			isa = PBXFrameworksBuildPhase;
			buildActionMask = 2147483647;
			files = (
				D29EEF1D2C4015AC00B26312 /* Starscream in Frameworks */,
			);
			runOnlyForDeploymentPostprocessing = 0;
		};
		D2EA70C52C359AB3005CC9D1 /* Frameworks */ = {
			isa = PBXFrameworksBuildPhase;
			buildActionMask = 2147483647;
			files = (
			);
			runOnlyForDeploymentPostprocessing = 0;
		};
		D2EA70CF2C359AB3005CC9D1 /* Frameworks */ = {
			isa = PBXFrameworksBuildPhase;
			buildActionMask = 2147483647;
			files = (
			);
			runOnlyForDeploymentPostprocessing = 0;
		};
/* End PBXFrameworksBuildPhase section */

/* Begin PBXGroup section */
		D250F41E2C36471600BC34F7 /* components */ = {
			isa = PBXGroup;
			children = (
				D250F43D2C36949700BC34F7 /* home */,
				D250F42E2C368AF800BC34F7 /* content_management */,
				D250F42D2C368AE500BC34F7 /* exersice_management */,
				D250F42C2C368A2200BC34F7 /* food_management */,
				D250F42B2C368A0000BC34F7 /* account_management */,
				D250F42A2C3689F400BC34F7 /* register */,
				D250F4292C3689E900BC34F7 /* login */,
			);
			path = components;
			sourceTree = "<group>";
		};
		D250F41F2C364B4400BC34F7 /* model */ = {
			isa = PBXGroup;
			children = (
				D2B32AAC2C3840F9009E0C56 /* login.swift */,
				D215781F2C390D6B00C52670 /* user.swift */,
				D21578252C39A89200C52670 /* food.swift */,
				D201C2292C3A3C6200EE9C00 /* photo.swift */,
				D2F134262C3E0E15000DB806 /* exersice.swift */,
				D2E120542C3F65BF0009B128 /* post.swift */,
			);
			path = model;
			sourceTree = "<group>";
		};
		D250F4202C364B4A00BC34F7 /* viewmodel */ = {
			isa = PBXGroup;
			children = (
				D2B32AAE2C38410E009E0C56 /* login_viewmodel.swift */,
				D21578212C390DCA00C52670 /* user_viewmodel.swift */,
				D21578272C39A95300C52670 /* food_viewmodel.swift */,
				D201C2232C3A29E000EE9C00 /* image_viewmodel.swift */,
				D2F134282C3E12B2000DB806 /* exersice_viewmodel.swift */,
				D2E120562C3F65CE0009B128 /* post_viewmodel.swift */,
			);
			path = viewmodel;
			sourceTree = "<group>";
		};
		D250F4212C364B6600BC34F7 /* ui */ = {
			isa = PBXGroup;
			children = (
				D21578172C38DE5E00C52670 /* customalertview.swift */,
				D201C2252C3A2A3E00EE9C00 /* ImagePickerView.swift */,
				D27FB5D52C41827E0059E72A /* customtextfield.swift */,
				D27FB5D72C41910B0059E72A /* custombutton.swift */,
			);
			path = ui;
			sourceTree = "<group>";
		};
		D250F4222C364B6C00BC34F7 /* comon */ = {
			isa = PBXGroup;
			children = (
				D250F4232C364B7600BC34F7 /* resource */,
				D250F4242C36521C00BC34F7 /* Localizable.strings */,
				D2B32AB02C38414B009E0C56 /* enum.swift */,
				D215781B2C38EA6800C52670 /* SideMenu.swift */,
				D29EEF192C40157E00B26312 /* ws.swift */,
			);
			path = comon;
			sourceTree = "<group>";
		};
		D250F4232C364B7600BC34F7 /* resource */ = {
			isa = PBXGroup;
			children = (
				D2EA70BE2C359AB2005CC9D1 /* Assets.xcassets */,
			);
			path = resource;
			sourceTree = "<group>";
		};
		D250F4292C3689E900BC34F7 /* login */ = {
			isa = PBXGroup;
			children = (
				D250F4312C368B3A00BC34F7 /* login_view.swift */,
			);
			path = login;
			sourceTree = "<group>";
		};
		D250F42A2C3689F400BC34F7 /* register */ = {
			isa = PBXGroup;
			children = (
				D250F4332C368B5000BC34F7 /* register_view.swift */,
			);
			path = register;
			sourceTree = "<group>";
		};
		D250F42B2C368A0000BC34F7 /* account_management */ = {
			isa = PBXGroup;
			children = (
				D250F4352C368B6200BC34F7 /* account_management_view.swift */,
				D21578232C39563D00C52670 /* UserDetailView.swift */,
			);
			path = account_management;
			sourceTree = "<group>";
		};
		D250F42C2C368A2200BC34F7 /* food_management */ = {
			isa = PBXGroup;
			children = (
				D250F4372C368B8400BC34F7 /* food_management_view.swift */,
				D201C2272C3A2E3A00EE9C00 /* fooddetail_view.swift */,
			);
			path = food_management;
			sourceTree = "<group>";
		};
		D250F42D2C368AE500BC34F7 /* exersice_management */ = {
			isa = PBXGroup;
			children = (
				D250F4392C368B9C00BC34F7 /* exersice_management_view.swift */,
				D2F1342A2C3E695B000DB806 /* exersice_detail_view.swift */,
			);
			path = exersice_management;
			sourceTree = "<group>";
		};
		D250F42E2C368AF800BC34F7 /* content_management */ = {
			isa = PBXGroup;
			children = (
				D250F43B2C368BB600BC34F7 /* content_management_view.swift */,
				D2E120582C3F6AE50009B128 /* contentdetail_view.swift */,
			);
			path = content_management;
			sourceTree = "<group>";
		};
		D250F43D2C36949700BC34F7 /* home */ = {
			isa = PBXGroup;
			children = (
				D250F43E2C3694A300BC34F7 /* home_view.swift */,
				D215781D2C38EACC00C52670 /* main_view.swift */,
				D29EEF202C40164D00B26312 /* wss.swift */,
			);
			path = home;
			sourceTree = "<group>";
		};
		D2EA70AE2C359AAD005CC9D1 = {
			isa = PBXGroup;
			children = (
				D2EA70B92C359AAD005CC9D1 /* AppDesktopSocialHealth */,
				D2EA70CB2C359AB3005CC9D1 /* AppDesktopSocialHealthTests */,
				D2EA70D52C359AB3005CC9D1 /* AppDesktopSocialHealthUITests */,
				D2EA70B82C359AAD005CC9D1 /* Products */,
			);
			sourceTree = "<group>";
		};
		D2EA70B82C359AAD005CC9D1 /* Products */ = {
			isa = PBXGroup;
			children = (
				D2EA70B72C359AAD005CC9D1 /* AppDesktopSocialHealth.app */,
				D2EA70C82C359AB3005CC9D1 /* AppDesktopSocialHealthTests.xctest */,
				D2EA70D22C359AB3005CC9D1 /* AppDesktopSocialHealthUITests.xctest */,
			);
			name = Products;
			sourceTree = "<group>";
		};
		D2EA70B92C359AAD005CC9D1 /* AppDesktopSocialHealth */ = {
			isa = PBXGroup;
			children = (
				D2EA70C32C359AB2005CC9D1 /* AppDesktopSocialHealth.entitlements */,
				D250F4222C364B6C00BC34F7 /* comon */,
				D250F4212C364B6600BC34F7 /* ui */,
				D250F4202C364B4A00BC34F7 /* viewmodel */,
				D250F41F2C364B4400BC34F7 /* model */,
				D250F41E2C36471600BC34F7 /* components */,
				D2EA70BA2C359AAD005CC9D1 /* AppDesktopSocialHealthApp.swift */,
				D2EA70BC2C359AAD005CC9D1 /* ContentView.swift */,
				D2EA70C02C359AB2005CC9D1 /* Preview Content */,
			);
			path = AppDesktopSocialHealth;
			sourceTree = "<group>";
		};
		D2EA70C02C359AB2005CC9D1 /* Preview Content */ = {
			isa = PBXGroup;
			children = (
				D2EA70C12C359AB2005CC9D1 /* Preview Assets.xcassets */,
			);
			path = "Preview Content";
			sourceTree = "<group>";
		};
		D2EA70CB2C359AB3005CC9D1 /* AppDesktopSocialHealthTests */ = {
			isa = PBXGroup;
			children = (
				D2EA70CC2C359AB3005CC9D1 /* AppDesktopSocialHealthTests.swift */,
			);
			path = AppDesktopSocialHealthTests;
			sourceTree = "<group>";
		};
		D2EA70D52C359AB3005CC9D1 /* AppDesktopSocialHealthUITests */ = {
			isa = PBXGroup;
			children = (
				D2EA70D62C359AB3005CC9D1 /* AppDesktopSocialHealthUITests.swift */,
				D2EA70D82C359AB3005CC9D1 /* AppDesktopSocialHealthUITestsLaunchTests.swift */,
			);
			path = AppDesktopSocialHealthUITests;
			sourceTree = "<group>";
		};
/* End PBXGroup section */

/* Begin PBXNativeTarget section */
		D2EA70B62C359AAD005CC9D1 /* AppDesktopSocialHealth */ = {
			isa = PBXNativeTarget;
			buildConfigurationList = D2EA70DC2C359AB3005CC9D1 /* Build configuration list for PBXNativeTarget "AppDesktopSocialHealth" */;
			buildPhases = (
				D2EA70B32C359AAD005CC9D1 /* Sources */,
				D2EA70B42C359AAD005CC9D1 /* Frameworks */,
				D2EA70B52C359AAD005CC9D1 /* Resources */,
			);
			buildRules = (
			);
			dependencies = (
			);
			name = AppDesktopSocialHealth;
			packageProductDependencies = (
				D29EEF1C2C4015AC00B26312 /* Starscream */,
			);
			productName = AppDesktopSocialHealth;
			productReference = D2EA70B72C359AAD005CC9D1 /* AppDesktopSocialHealth.app */;
			productType = "com.apple.product-type.application";
		};
		D2EA70C72C359AB3005CC9D1 /* AppDesktopSocialHealthTests */ = {
			isa = PBXNativeTarget;
			buildConfigurationList = D2EA70DF2C359AB3005CC9D1 /* Build configuration list for PBXNativeTarget "AppDesktopSocialHealthTests" */;
			buildPhases = (
				D2EA70C42C359AB3005CC9D1 /* Sources */,
				D2EA70C52C359AB3005CC9D1 /* Frameworks */,
				D2EA70C62C359AB3005CC9D1 /* Resources */,
			);
			buildRules = (
			);
			dependencies = (
				D2EA70CA2C359AB3005CC9D1 /* PBXTargetDependency */,
			);
			name = AppDesktopSocialHealthTests;
			productName = AppDesktopSocialHealthTests;
			productReference = D2EA70C82C359AB3005CC9D1 /* AppDesktopSocialHealthTests.xctest */;
			productType = "com.apple.product-type.bundle.unit-test";
		};
		D2EA70D12C359AB3005CC9D1 /* AppDesktopSocialHealthUITests */ = {
			isa = PBXNativeTarget;
			buildConfigurationList = D2EA70E22C359AB3005CC9D1 /* Build configuration list for PBXNativeTarget "AppDesktopSocialHealthUITests" */;
			buildPhases = (
				D2EA70CE2C359AB3005CC9D1 /* Sources */,
				D2EA70CF2C359AB3005CC9D1 /* Frameworks */,
				D2EA70D02C359AB3005CC9D1 /* Resources */,
			);
			buildRules = (
			);
			dependencies = (
				D2EA70D42C359AB3005CC9D1 /* PBXTargetDependency */,
			);
			name = AppDesktopSocialHealthUITests;
			productName = AppDesktopSocialHealthUITests;
			productReference = D2EA70D22C359AB3005CC9D1 /* AppDesktopSocialHealthUITests.xctest */;
			productType = "com.apple.product-type.bundle.ui-testing";
		};
/* End PBXNativeTarget section */

/* Begin PBXProject section */
		D2EA70AF2C359AAD005CC9D1 /* Project object */ = {
			isa = PBXProject;
			attributes = {
				BuildIndependentTargetsInParallel = 1;
				LastSwiftUpdateCheck = 1540;
				LastUpgradeCheck = 1540;
				TargetAttributes = {
					D2EA70B62C359AAD005CC9D1 = {
						CreatedOnToolsVersion = 15.4;
					};
					D2EA70C72C359AB3005CC9D1 = {
						CreatedOnToolsVersion = 15.4;
						TestTargetID = D2EA70B62C359AAD005CC9D1;
					};
					D2EA70D12C359AB3005CC9D1 = {
						CreatedOnToolsVersion = 15.4;
						TestTargetID = D2EA70B62C359AAD005CC9D1;
					};
				};
			};
			buildConfigurationList = D2EA70B22C359AAD005CC9D1 /* Build configuration list for PBXProject "AppDesktopSocialHealth" */;
			compatibilityVersion = "Xcode 14.0";
			developmentRegion = en;
			hasScannedForEncodings = 0;
			knownRegions = (
				en,
				Base,
				vi,
			);
			mainGroup = D2EA70AE2C359AAD005CC9D1;
			packageReferences = (
				D29EEF1B2C4015AB00B26312 /* XCRemoteSwiftPackageReference "Starscream" */,
			);
			productRefGroup = D2EA70B82C359AAD005CC9D1 /* Products */;
			projectDirPath = "";
			projectRoot = "";
			targets = (
				D2EA70B62C359AAD005CC9D1 /* AppDesktopSocialHealth */,
				D2EA70C72C359AB3005CC9D1 /* AppDesktopSocialHealthTests */,
				D2EA70D12C359AB3005CC9D1 /* AppDesktopSocialHealthUITests */,
			);
		};
/* End PBXProject section */

/* Begin PBXResourcesBuildPhase section */
		D2EA70B52C359AAD005CC9D1 /* Resources */ = {
			isa = PBXResourcesBuildPhase;
			buildActionMask = 2147483647;
			files = (
				D2EA70C22C359AB2005CC9D1 /* Preview Assets.xcassets in Resources */,
				D250F4262C36521C00BC34F7 /* Localizable.strings in Resources */,
				D2EA70BF2C359AB2005CC9D1 /* Assets.xcassets in Resources */,
			);
			runOnlyForDeploymentPostprocessing = 0;
		};
		D2EA70C62C359AB3005CC9D1 /* Resources */ = {
			isa = PBXResourcesBuildPhase;
			buildActionMask = 2147483647;
			files = (
			);
			runOnlyForDeploymentPostprocessing = 0;
		};
		D2EA70D02C359AB3005CC9D1 /* Resources */ = {
			isa = PBXResourcesBuildPhase;
			buildActionMask = 2147483647;
			files = (
			);
			runOnlyForDeploymentPostprocessing = 0;
		};
/* End PBXResourcesBuildPhase section */

/* Begin PBXSourcesBuildPhase section */
		D2EA70B32C359AAD005CC9D1 /* Sources */ = {
			isa = PBXSourcesBuildPhase;
			buildActionMask = 2147483647;
			files = (
				D201C22A2C3A3C6200EE9C00 /* photo.swift in Sources */,
				D250F4362C368B6200BC34F7 /* account_management_view.swift in Sources */,
				D27FB5D82C41910B0059E72A /* custombutton.swift in Sources */,
				D29EEF1A2C40157E00B26312 /* ws.swift in Sources */,
				D2F134292C3E12B2000DB806 /* exersice_viewmodel.swift in Sources */,
				D2E120552C3F65BF0009B128 /* post.swift in Sources */,
				D250F43C2C368BB600BC34F7 /* content_management_view.swift in Sources */,
				D2E120592C3F6AE50009B128 /* contentdetail_view.swift in Sources */,
				D2B32AAD2C3840F9009E0C56 /* login.swift in Sources */,
				D215781C2C38EA6800C52670 /* SideMenu.swift in Sources */,
				D21578242C39563D00C52670 /* UserDetailView.swift in Sources */,
				D21578262C39A89200C52670 /* food.swift in Sources */,
				D21578282C39A95300C52670 /* food_viewmodel.swift in Sources */,
				D2F134272C3E0E15000DB806 /* exersice.swift in Sources */,
				D29EEF212C40164D00B26312 /* wss.swift in Sources */,
				D21578202C390D6B00C52670 /* user.swift in Sources */,
				D2B32AAF2C38410E009E0C56 /* login_viewmodel.swift in Sources */,
				D250F43F2C3694A300BC34F7 /* home_view.swift in Sources */,
				D2EA70BD2C359AAD005CC9D1 /* ContentView.swift in Sources */,
				D2F1342B2C3E695B000DB806 /* exersice_detail_view.swift in Sources */,
				D2B32AB12C38414B009E0C56 /* enum.swift in Sources */,
				D21578182C38DE5E00C52670 /* customalertview.swift in Sources */,
				D250F4342C368B5000BC34F7 /* register_view.swift in Sources */,
				D2E120572C3F65CE0009B128 /* post_viewmodel.swift in Sources */,
				D201C2282C3A2E3A00EE9C00 /* fooddetail_view.swift in Sources */,
				D201C2262C3A2A3E00EE9C00 /* ImagePickerView.swift in Sources */,
				D201C2242C3A29E000EE9C00 /* image_viewmodel.swift in Sources */,
				D250F4382C368B8400BC34F7 /* food_management_view.swift in Sources */,
				D21578222C390DCA00C52670 /* user_viewmodel.swift in Sources */,
				D27FB5D62C41827E0059E72A /* customtextfield.swift in Sources */,
				D250F4322C368B3A00BC34F7 /* login_view.swift in Sources */,
				D2EA70BB2C359AAD005CC9D1 /* AppDesktopSocialHealthApp.swift in Sources */,
				D215781E2C38EACC00C52670 /* main_view.swift in Sources */,
				D250F43A2C368B9C00BC34F7 /* exersice_management_view.swift in Sources */,
			);
			runOnlyForDeploymentPostprocessing = 0;
		};
		D2EA70C42C359AB3005CC9D1 /* Sources */ = {
			isa = PBXSourcesBuildPhase;
			buildActionMask = 2147483647;
			files = (
				D2EA70CD2C359AB3005CC9D1 /* AppDesktopSocialHealthTests.swift in Sources */,
			);
			runOnlyForDeploymentPostprocessing = 0;
		};
		D2EA70CE2C359AB3005CC9D1 /* Sources */ = {
			isa = PBXSourcesBuildPhase;
			buildActionMask = 2147483647;
			files = (
				D2EA70D92C359AB3005CC9D1 /* AppDesktopSocialHealthUITestsLaunchTests.swift in Sources */,
				D2EA70D72C359AB3005CC9D1 /* AppDesktopSocialHealthUITests.swift in Sources */,
			);
			runOnlyForDeploymentPostprocessing = 0;
		};
/* End PBXSourcesBuildPhase section */

/* Begin PBXTargetDependency section */
		D2EA70CA2C359AB3005CC9D1 /* PBXTargetDependency */ = {
			isa = PBXTargetDependency;
			target = D2EA70B62C359AAD005CC9D1 /* AppDesktopSocialHealth */;
			targetProxy = D2EA70C92C359AB3005CC9D1 /* PBXContainerItemProxy */;
		};
		D2EA70D42C359AB3005CC9D1 /* PBXTargetDependency */ = {
			isa = PBXTargetDependency;
			target = D2EA70B62C359AAD005CC9D1 /* AppDesktopSocialHealth */;
			targetProxy = D2EA70D32C359AB3005CC9D1 /* PBXContainerItemProxy */;
		};
/* End PBXTargetDependency section */

/* Begin PBXVariantGroup section */
		D250F4242C36521C00BC34F7 /* Localizable.strings */ = {
			isa = PBXVariantGroup;
			children = (
				D250F4252C36521C00BC34F7 /* en */,
				D250F4272C36522A00BC34F7 /* vi */,
			);
			name = Localizable.strings;
			sourceTree = "<group>";
		};
/* End PBXVariantGroup section */

/* Begin XCBuildConfiguration section */
		D2EA70DA2C359AB3005CC9D1 /* Debug */ = {
			isa = XCBuildConfiguration;
			buildSettings = {
				ALWAYS_SEARCH_USER_PATHS = NO;
				ASSETCATALOG_COMPILER_GENERATE_SWIFT_ASSET_SYMBOL_EXTENSIONS = YES;
				CLANG_ANALYZER_NONNULL = YES;
				CLANG_ANALYZER_NUMBER_OBJECT_CONVERSION = YES_AGGRESSIVE;
				CLANG_CXX_LANGUAGE_STANDARD = "gnu++20";
				CLANG_ENABLE_MODULES = YES;
				CLANG_ENABLE_OBJC_ARC = YES;
				CLANG_ENABLE_OBJC_WEAK = YES;
				CLANG_WARN_BLOCK_CAPTURE_AUTORELEASING = YES;
				CLANG_WARN_BOOL_CONVERSION = YES;
				CLANG_WARN_COMMA = YES;
				CLANG_WARN_CONSTANT_CONVERSION = YES;
				CLANG_WARN_DEPRECATED_OBJC_IMPLEMENTATIONS = YES;
				CLANG_WARN_DIRECT_OBJC_ISA_USAGE = YES_ERROR;
				CLANG_WARN_DOCUMENTATION_COMMENTS = YES;
				CLANG_WARN_EMPTY_BODY = YES;
				CLANG_WARN_ENUM_CONVERSION = YES;
				CLANG_WARN_INFINITE_RECURSION = YES;
				CLANG_WARN_INT_CONVERSION = YES;
				CLANG_WARN_NON_LITERAL_NULL_CONVERSION = YES;
				CLANG_WARN_OBJC_IMPLICIT_RETAIN_SELF = YES;
				CLANG_WARN_OBJC_LITERAL_CONVERSION = YES;
				CLANG_WARN_OBJC_ROOT_CLASS = YES_ERROR;
				CLANG_WARN_QUOTED_INCLUDE_IN_FRAMEWORK_HEADER = YES;
				CLANG_WARN_RANGE_LOOP_ANALYSIS = YES;
				CLANG_WARN_STRICT_PROTOTYPES = YES;
				CLANG_WARN_SUSPICIOUS_MOVE = YES;
				CLANG_WARN_UNGUARDED_AVAILABILITY = YES_AGGRESSIVE;
				CLANG_WARN_UNREACHABLE_CODE = YES;
				CLANG_WARN__DUPLICATE_METHOD_MATCH = YES;
				COPY_PHASE_STRIP = NO;
				DEBUG_INFORMATION_FORMAT = dwarf;
				ENABLE_STRICT_OBJC_MSGSEND = YES;
				ENABLE_TESTABILITY = YES;
				ENABLE_USER_SCRIPT_SANDBOXING = YES;
				GCC_C_LANGUAGE_STANDARD = gnu17;
				GCC_DYNAMIC_NO_PIC = NO;
				GCC_NO_COMMON_BLOCKS = YES;
				GCC_OPTIMIZATION_LEVEL = 0;
				GCC_PREPROCESSOR_DEFINITIONS = (
					"DEBUG=1",
					"$(inherited)",
				);
				GCC_WARN_64_TO_32_BIT_CONVERSION = YES;
				GCC_WARN_ABOUT_RETURN_TYPE = YES_ERROR;
				GCC_WARN_UNDECLARED_SELECTOR = YES;
				GCC_WARN_UNINITIALIZED_AUTOS = YES_AGGRESSIVE;
				GCC_WARN_UNUSED_FUNCTION = YES;
				GCC_WARN_UNUSED_VARIABLE = YES;
				LOCALIZATION_PREFERS_STRING_CATALOGS = YES;
				MACOSX_DEPLOYMENT_TARGET = 14.5;
				MTL_ENABLE_DEBUG_INFO = INCLUDE_SOURCE;
				MTL_FAST_MATH = YES;
				ONLY_ACTIVE_ARCH = YES;
				SDKROOT = macosx;
				SWIFT_ACTIVE_COMPILATION_CONDITIONS = "DEBUG $(inherited)";
				SWIFT_OPTIMIZATION_LEVEL = "-Onone";
			};
			name = Debug;
		};
		D2EA70DB2C359AB3005CC9D1 /* Release */ = {
			isa = XCBuildConfiguration;
			buildSettings = {
				ALWAYS_SEARCH_USER_PATHS = NO;
				ASSETCATALOG_COMPILER_GENERATE_SWIFT_ASSET_SYMBOL_EXTENSIONS = YES;
				CLANG_ANALYZER_NONNULL = YES;
				CLANG_ANALYZER_NUMBER_OBJECT_CONVERSION = YES_AGGRESSIVE;
				CLANG_CXX_LANGUAGE_STANDARD = "gnu++20";
				CLANG_ENABLE_MODULES = YES;
				CLANG_ENABLE_OBJC_ARC = YES;
				CLANG_ENABLE_OBJC_WEAK = YES;
				CLANG_WARN_BLOCK_CAPTURE_AUTORELEASING = YES;
				CLANG_WARN_BOOL_CONVERSION = YES;
				CLANG_WARN_COMMA = YES;
				CLANG_WARN_CONSTANT_CONVERSION = YES;
				CLANG_WARN_DEPRECATED_OBJC_IMPLEMENTATIONS = YES;
				CLANG_WARN_DIRECT_OBJC_ISA_USAGE = YES_ERROR;
				CLANG_WARN_DOCUMENTATION_COMMENTS = YES;
				CLANG_WARN_EMPTY_BODY = YES;
				CLANG_WARN_ENUM_CONVERSION = YES;
				CLANG_WARN_INFINITE_RECURSION = YES;
				CLANG_WARN_INT_CONVERSION = YES;
				CLANG_WARN_NON_LITERAL_NULL_CONVERSION = YES;
				CLANG_WARN_OBJC_IMPLICIT_RETAIN_SELF = YES;
				CLANG_WARN_OBJC_LITERAL_CONVERSION = YES;
				CLANG_WARN_OBJC_ROOT_CLASS = YES_ERROR;
				CLANG_WARN_QUOTED_INCLUDE_IN_FRAMEWORK_HEADER = YES;
				CLANG_WARN_RANGE_LOOP_ANALYSIS = YES;
				CLANG_WARN_STRICT_PROTOTYPES = YES;
				CLANG_WARN_SUSPICIOUS_MOVE = YES;
				CLANG_WARN_UNGUARDED_AVAILABILITY = YES_AGGRESSIVE;
				CLANG_WARN_UNREACHABLE_CODE = YES;
				CLANG_WARN__DUPLICATE_METHOD_MATCH = YES;
				COPY_PHASE_STRIP = NO;
				DEBUG_INFORMATION_FORMAT = "dwarf-with-dsym";
				ENABLE_NS_ASSERTIONS = NO;
				ENABLE_STRICT_OBJC_MSGSEND = YES;
				ENABLE_USER_SCRIPT_SANDBOXING = YES;
				GCC_C_LANGUAGE_STANDARD = gnu17;
				GCC_NO_COMMON_BLOCKS = YES;
				GCC_WARN_64_TO_32_BIT_CONVERSION = YES;
				GCC_WARN_ABOUT_RETURN_TYPE = YES_ERROR;
				GCC_WARN_UNDECLARED_SELECTOR = YES;
				GCC_WARN_UNINITIALIZED_AUTOS = YES_AGGRESSIVE;
				GCC_WARN_UNUSED_FUNCTION = YES;
				GCC_WARN_UNUSED_VARIABLE = YES;
				LOCALIZATION_PREFERS_STRING_CATALOGS = YES;
				MACOSX_DEPLOYMENT_TARGET = 14.5;
				MTL_ENABLE_DEBUG_INFO = NO;
				MTL_FAST_MATH = YES;
				SDKROOT = macosx;
				SWIFT_COMPILATION_MODE = wholemodule;
			};
			name = Release;
		};
		D2EA70DD2C359AB3005CC9D1 /* Debug */ = {
			isa = XCBuildConfiguration;
			buildSettings = {
				ASSETCATALOG_COMPILER_APPICON_NAME = AppIcon;
				ASSETCATALOG_COMPILER_GLOBAL_ACCENT_COLOR_NAME = AccentColor;
				ASSETCATALOG_COMPILER_INCLUDE_ALL_APPICON_ASSETS = YES;
				CODE_SIGN_ENTITLEMENTS = AppDesktopSocialHealth/AppDesktopSocialHealth.entitlements;
				"CODE_SIGN_IDENTITY[sdk=macosx*]" = "-";
				CODE_SIGN_STYLE = Automatic;
				COMBINE_HIDPI_IMAGES = YES;
				CURRENT_PROJECT_VERSION = 1;
				DEVELOPMENT_ASSET_PATHS = "\"AppDesktopSocialHealth/Preview Content\"";
				DEVELOPMENT_TEAM = YAH93RZF3C;
				ENABLE_HARDENED_RUNTIME = YES;
				ENABLE_PREVIEWS = YES;
				GENERATE_INFOPLIST_FILE = YES;
				INFOPLIST_KEY_NSHumanReadableCopyright = "";
				LD_RUNPATH_SEARCH_PATHS = (
					"$(inherited)",
					"@executable_path/../Frameworks",
				);
				MACOSX_DEPLOYMENT_TARGET = 14.2;
				MARKETING_VERSION = 1.0;
				PRODUCT_BUNDLE_IDENTIFIER = test.AppDesktopSocialHealth;
				PRODUCT_NAME = "$(TARGET_NAME)";
				SWIFT_EMIT_LOC_STRINGS = YES;
				SWIFT_VERSION = 5.0;
			};
			name = Debug;
		};
		D2EA70DE2C359AB3005CC9D1 /* Release */ = {
			isa = XCBuildConfiguration;
			buildSettings = {
				ASSETCATALOG_COMPILER_APPICON_NAME = AppIcon;
				ASSETCATALOG_COMPILER_GLOBAL_ACCENT_COLOR_NAME = AccentColor;
				ASSETCATALOG_COMPILER_INCLUDE_ALL_APPICON_ASSETS = YES;
				CODE_SIGN_ENTITLEMENTS = AppDesktopSocialHealth/AppDesktopSocialHealth.entitlements;
				"CODE_SIGN_IDENTITY[sdk=macosx*]" = "-";
				CODE_SIGN_STYLE = Automatic;
				COMBINE_HIDPI_IMAGES = YES;
				CURRENT_PROJECT_VERSION = 1;
				DEVELOPMENT_ASSET_PATHS = "\"AppDesktopSocialHealth/Preview Content\"";
				DEVELOPMENT_TEAM = YAH93RZF3C;
				ENABLE_HARDENED_RUNTIME = YES;
				ENABLE_PREVIEWS = YES;
				GENERATE_INFOPLIST_FILE = YES;
				INFOPLIST_KEY_NSHumanReadableCopyright = "";
				LD_RUNPATH_SEARCH_PATHS = (
					"$(inherited)",
					"@executable_path/../Frameworks",
				);
				MACOSX_DEPLOYMENT_TARGET = 14.2;
				MARKETING_VERSION = 1.0;
				PRODUCT_BUNDLE_IDENTIFIER = test.AppDesktopSocialHealth;
				PRODUCT_NAME = "$(TARGET_NAME)";
				SWIFT_EMIT_LOC_STRINGS = YES;
				SWIFT_VERSION = 5.0;
			};
			name = Release;
		};
		D2EA70E02C359AB3005CC9D1 /* Debug */ = {
			isa = XCBuildConfiguration;
			buildSettings = {
				ALWAYS_EMBED_SWIFT_STANDARD_LIBRARIES = YES;
				BUNDLE_LOADER = "$(TEST_HOST)";
				CODE_SIGN_STYLE = Automatic;
				CURRENT_PROJECT_VERSION = 1;
				DEVELOPMENT_TEAM = YAH93RZF3C;
				GENERATE_INFOPLIST_FILE = YES;
				MACOSX_DEPLOYMENT_TARGET = 14.5;
				MARKETING_VERSION = 1.0;
				PRODUCT_BUNDLE_IDENTIFIER = test.AppDesktopSocialHealthTests;
				PRODUCT_NAME = "$(TARGET_NAME)";
				SWIFT_EMIT_LOC_STRINGS = NO;
				SWIFT_VERSION = 5.0;
				TEST_HOST = "$(BUILT_PRODUCTS_DIR)/AppDesktopSocialHealth.app/$(BUNDLE_EXECUTABLE_FOLDER_PATH)/AppDesktopSocialHealth";
			};
			name = Debug;
		};
		D2EA70E12C359AB3005CC9D1 /* Release */ = {
			isa = XCBuildConfiguration;
			buildSettings = {
				ALWAYS_EMBED_SWIFT_STANDARD_LIBRARIES = YES;
				BUNDLE_LOADER = "$(TEST_HOST)";
				CODE_SIGN_STYLE = Automatic;
				CURRENT_PROJECT_VERSION = 1;
				DEVELOPMENT_TEAM = YAH93RZF3C;
				GENERATE_INFOPLIST_FILE = YES;
				MACOSX_DEPLOYMENT_TARGET = 14.5;
				MARKETING_VERSION = 1.0;
				PRODUCT_BUNDLE_IDENTIFIER = test.AppDesktopSocialHealthTests;
				PRODUCT_NAME = "$(TARGET_NAME)";
				SWIFT_EMIT_LOC_STRINGS = NO;
				SWIFT_VERSION = 5.0;
				TEST_HOST = "$(BUILT_PRODUCTS_DIR)/AppDesktopSocialHealth.app/$(BUNDLE_EXECUTABLE_FOLDER_PATH)/AppDesktopSocialHealth";
			};
			name = Release;
		};
		D2EA70E32C359AB3005CC9D1 /* Debug */ = {
			isa = XCBuildConfiguration;
			buildSettings = {
				ALWAYS_EMBED_SWIFT_STANDARD_LIBRARIES = YES;
				CODE_SIGN_STYLE = Automatic;
				CURRENT_PROJECT_VERSION = 1;
				DEVELOPMENT_TEAM = YAH93RZF3C;
				GENERATE_INFOPLIST_FILE = YES;
				MARKETING_VERSION = 1.0;
				PRODUCT_BUNDLE_IDENTIFIER = test.AppDesktopSocialHealthUITests;
				PRODUCT_NAME = "$(TARGET_NAME)";
				SWIFT_EMIT_LOC_STRINGS = NO;
				SWIFT_VERSION = 5.0;
				TEST_TARGET_NAME = AppDesktopSocialHealth;
			};
			name = Debug;
		};
		D2EA70E42C359AB3005CC9D1 /* Release */ = {
			isa = XCBuildConfiguration;
			buildSettings = {
				ALWAYS_EMBED_SWIFT_STANDARD_LIBRARIES = YES;
				CODE_SIGN_STYLE = Automatic;
				CURRENT_PROJECT_VERSION = 1;
				DEVELOPMENT_TEAM = YAH93RZF3C;
				GENERATE_INFOPLIST_FILE = YES;
				MARKETING_VERSION = 1.0;
				PRODUCT_BUNDLE_IDENTIFIER = test.AppDesktopSocialHealthUITests;
				PRODUCT_NAME = "$(TARGET_NAME)";
				SWIFT_EMIT_LOC_STRINGS = NO;
				SWIFT_VERSION = 5.0;
				TEST_TARGET_NAME = AppDesktopSocialHealth;
			};
			name = Release;
		};
/* End XCBuildConfiguration section */

/* Begin XCConfigurationList section */
		D2EA70B22C359AAD005CC9D1 /* Build configuration list for PBXProject "AppDesktopSocialHealth" */ = {
			isa = XCConfigurationList;
			buildConfigurations = (
				D2EA70DA2C359AB3005CC9D1 /* Debug */,
				D2EA70DB2C359AB3005CC9D1 /* Release */,
			);
			defaultConfigurationIsVisible = 0;
			defaultConfigurationName = Release;
		};
		D2EA70DC2C359AB3005CC9D1 /* Build configuration list for PBXNativeTarget "AppDesktopSocialHealth" */ = {
			isa = XCConfigurationList;
			buildConfigurations = (
				D2EA70DD2C359AB3005CC9D1 /* Debug */,
				D2EA70DE2C359AB3005CC9D1 /* Release */,
			);
			defaultConfigurationIsVisible = 0;
			defaultConfigurationName = Release;
		};
		D2EA70DF2C359AB3005CC9D1 /* Build configuration list for PBXNativeTarget "AppDesktopSocialHealthTests" */ = {
			isa = XCConfigurationList;
			buildConfigurations = (
				D2EA70E02C359AB3005CC9D1 /* Debug */,
				D2EA70E12C359AB3005CC9D1 /* Release */,
			);
			defaultConfigurationIsVisible = 0;
			defaultConfigurationName = Release;
		};
		D2EA70E22C359AB3005CC9D1 /* Build configuration list for PBXNativeTarget "AppDesktopSocialHealthUITests" */ = {
			isa = XCConfigurationList;
			buildConfigurations = (
				D2EA70E32C359AB3005CC9D1 /* Debug */,
				D2EA70E42C359AB3005CC9D1 /* Release */,
			);
			defaultConfigurationIsVisible = 0;
			defaultConfigurationName = Release;
		};
/* End XCConfigurationList section */

/* Begin XCRemoteSwiftPackageReference section */
		D29EEF1B2C4015AB00B26312 /* XCRemoteSwiftPackageReference "Starscream" */ = {
			isa = XCRemoteSwiftPackageReference;
			repositoryURL = "https://github.com/daltoniam/Starscream";
			requirement = {
				kind = upToNextMajorVersion;
				minimumVersion = 4.0.8;
			};
		};
/* End XCRemoteSwiftPackageReference section */

/* Begin XCSwiftPackageProductDependency section */
		D29EEF1C2C4015AC00B26312 /* Starscream */ = {
			isa = XCSwiftPackageProductDependency;
			package = D29EEF1B2C4015AB00B26312 /* XCRemoteSwiftPackageReference "Starscream" */;
			productName = Starscream;
		};
/* End XCSwiftPackageProductDependency section */
	};
	rootObject = D2EA70AF2C359AAD005CC9D1 /* Project object */;
}
